
Microsoft Visual Studio Solution File, Format Version 12.00
# Visual Studio Version 16
VisualStudioVersion = 16.0.30907.101
MinimumVisualStudioVersion = 10.0.40219.1
Project("{FAE04EC0-301F-11D3-BF4B-00C04F79EFBC}") = "Assignment1-KF", "Assignment1-KF.csproj", "{73B87059-8753-4196-8B1B-6339EEAB5A88}"
EndProject
Global
	GlobalSection(SolutionConfigurationPlatforms) = preSolution
		Debug|Any CPU = Debug|Any CPU
		Release|Any CPU = Release|Any CPU
	EndGlobalSection
	GlobalSection(ProjectConfigurationPlatforms) = postSolution
		{73B87059-8753-4196-8B1B-6339EEAB5A88}.Debug|Any CPU.ActiveCfg = Debug|Any CPU
		{73B87059-8753-4196-8B1B-6339EEAB5A88}.Debug|Any CPU.Build.0 = Debug|Any CPU
		{73B87059-8753-4196-8B1B-6339EEAB5A88}.Release|Any CPU.ActiveCfg = Release|Any CPU
		{73B87059-8753-4196-8B1B-6339EEAB5A88}.Release|Any CPU.Build.0 = Release|Any CPU
	EndGlobalSection
	GlobalSection(SolutionProperties) = preSolution
		HideSolutionNode = FALSE
	EndGlobalSection
	GlobalSection(ExtensibilityGlobals) = postSolution
		SolutionGuid = {E254BE43-2EEA-4700-B738-ACD8C9BC4E2C}
	EndGlobalSection
EndGlobal
